
Microsoft Visual Studio Solution File, Format Version 12.00
# Visual Studio Version 17
VisualStudioVersion = 17.5.2.0
MinimumVisualStudioVersion = 10.0.40219.1
Project("{2150E333-8FDC-42A3-9474-1A3956D46DE8}") = "Backend", "Backend", "{1AE8ACA6-933B-BF2A-3671-3E2EAC007D16}"
EndProject
Project("{2150E333-8FDC-42A3-9474-1A3956D46DE8}") = "gateway", "gateway", "{C1DD1228-602D-EDB8-34A7-988CF3C6ABE9}"
EndProject
Project("{FAE04EC0-301F-11D3-BF4B-00C04F79EFBC}") = "src", "Backend\gateway\src\src.csproj", "{4C261887-0045-4DBF-9D4A-31BDF8CF8EEC}"
EndProject
Project("{2150E333-8FDC-42A3-9474-1A3956D46DE8}") = "services", "services", "{3C755975-A7BD-44BC-C8F9-5B13F14529BF}"
EndProject
Project("{FAE04EC0-301F-11D3-BF4B-00C04F79EFBC}") = "ActivityAgent", "Backend\services\ActivityAgent\ActivityAgent.csproj", "{6E1E6B93-9ABD-4B9A-BDB0-E74AA5D7EE5E}"
EndProject
Project("{FAE04EC0-301F-11D3-BF4B-00C04F79EFBC}") = "ActivityService", "Backend\services\ActivityService\ActivityService.csproj", "{09A6B94B-E551-46CE-9D2A-E0F3C473DBBD}"
EndProject
Project("{FAE04EC0-301F-11D3-BF4B-00C04F79EFBC}") = "AgentManagementService", "Backend\services\AgentManagementService\AgentManagementService.csproj", "{F020F46A-0540-4FC6-9582-B7CF9FBE61E4}"
EndProject
Project("{FAE04EC0-301F-11D3-BF4B-00C04F79EFBC}") = "AuthService", "Backend\services\AuthService\AuthService.csproj", "{A49AF566-1DBA-47F1-90C9-69F92A0C5672}"
EndProject
Project("{FAE04EC0-301F-11D3-BF4B-00C04F79EFBC}") = "MetricsService", "Backend\services\MetricsService\MetricsService.csproj", "{EED740F1-1A19-4546-B8FD-7ABB8D2D2D53}"
EndProject
Project("{FAE04EC0-301F-11D3-BF4B-00C04F79EFBC}") = "NotificationService", "Backend\services\NotificationService\NotificationService.csproj", "{00EE8D09-4328-49C7-BE37-55B79FA3D35F}"
EndProject
Project("{FAE04EC0-301F-11D3-BF4B-00C04F79EFBC}") = "ReportService", "Backend\services\ReportService\ReportService.csproj", "{3DA422DA-6D4A-4801-9A79-2D190C8116B1}"
EndProject
Project("{FAE04EC0-301F-11D3-BF4B-00C04F79EFBC}") = "UserService", "Backend\services\UserService\UserService.csproj", "{7B68486A-AEEE-4448-8FB3-C001AE58FC3C}"
EndProject
Global
	GlobalSection(SolutionConfigurationPlatforms) = preSolution
		Debug|Any CPU = Debug|Any CPU
		Debug|x64 = Debug|x64
		Debug|x86 = Debug|x86
		Release|Any CPU = Release|Any CPU
		Release|x64 = Release|x64
		Release|x86 = Release|x86
	EndGlobalSection
	GlobalSection(ProjectConfigurationPlatforms) = postSolution
		{4C261887-0045-4DBF-9D4A-31BDF8CF8EEC}.Debug|Any CPU.ActiveCfg = Debug|Any CPU
		{4C261887-0045-4DBF-9D4A-31BDF8CF8EEC}.Debug|Any CPU.Build.0 = Debug|Any CPU
		{4C261887-0045-4DBF-9D4A-31BDF8CF8EEC}.Debug|x64.ActiveCfg = Debug|Any CPU
		{4C261887-0045-4DBF-9D4A-31BDF8CF8EEC}.Debug|x64.Build.0 = Debug|Any CPU
		{4C261887-0045-4DBF-9D4A-31BDF8CF8EEC}.Debug|x86.ActiveCfg = Debug|Any CPU
		{4C261887-0045-4DBF-9D4A-31BDF8CF8EEC}.Debug|x86.Build.0 = Debug|Any CPU
		{4C261887-0045-4DBF-9D4A-31BDF8CF8EEC}.Release|Any CPU.ActiveCfg = Release|Any CPU
		{4C261887-0045-4DBF-9D4A-31BDF8CF8EEC}.Release|Any CPU.Build.0 = Release|Any CPU
		{4C261887-0045-4DBF-9D4A-31BDF8CF8EEC}.Release|x64.ActiveCfg = Release|Any CPU
		{4C261887-0045-4DBF-9D4A-31BDF8CF8EEC}.Release|x64.Build.0 = Release|Any CPU
		{4C261887-0045-4DBF-9D4A-31BDF8CF8EEC}.Release|x86.ActiveCfg = Release|Any CPU
		{4C261887-0045-4DBF-9D4A-31BDF8CF8EEC}.Release|x86.Build.0 = Release|Any CPU
		{6E1E6B93-9ABD-4B9A-BDB0-E74AA5D7EE5E}.Debug|Any CPU.ActiveCfg = Debug|Any CPU
		{6E1E6B93-9ABD-4B9A-BDB0-E74AA5D7EE5E}.Debug|Any CPU.Build.0 = Debug|Any CPU
		{6E1E6B93-9ABD-4B9A-BDB0-E74AA5D7EE5E}.Debug|x64.ActiveCfg = Debug|Any CPU
		{6E1E6B93-9ABD-4B9A-BDB0-E74AA5D7EE5E}.Debug|x64.Build.0 = Debug|Any CPU
		{6E1E6B93-9ABD-4B9A-BDB0-E74AA5D7EE5E}.Debug|x86.ActiveCfg = Debug|Any CPU
		{6E1E6B93-9ABD-4B9A-BDB0-E74AA5D7EE5E}.Debug|x86.Build.0 = Debug|Any CPU
		{6E1E6B93-9ABD-4B9A-BDB0-E74AA5D7EE5E}.Release|Any CPU.ActiveCfg = Release|Any CPU
		{6E1E6B93-9ABD-4B9A-BDB0-E74AA5D7EE5E}.Release|Any CPU.Build.0 = Release|Any CPU
		{6E1E6B93-9ABD-4B9A-BDB0-E74AA5D7EE5E}.Release|x64.ActiveCfg = Release|Any CPU
		{6E1E6B93-9ABD-4B9A-BDB0-E74AA5D7EE5E}.Release|x64.Build.0 = Release|Any CPU
		{6E1E6B93-9ABD-4B9A-BDB0-E74AA5D7EE5E}.Release|x86.ActiveCfg = Release|Any CPU
		{6E1E6B93-9ABD-4B9A-BDB0-E74AA5D7EE5E}.Release|x86.Build.0 = Release|Any CPU
		{09A6B94B-E551-46CE-9D2A-E0F3C473DBBD}.Debug|Any CPU.ActiveCfg = Debug|Any CPU
		{09A6B94B-E551-46CE-9D2A-E0F3C473DBBD}.Debug|Any CPU.Build.0 = Debug|Any CPU
		{09A6B94B-E551-46CE-9D2A-E0F3C473DBBD}.Debug|x64.ActiveCfg = Debug|Any CPU
		{09A6B94B-E551-46CE-9D2A-E0F3C473DBBD}.Debug|x64.Build.0 = Debug|Any CPU
		{09A6B94B-E551-46CE-9D2A-E0F3C473DBBD}.Debug|x86.ActiveCfg = Debug|Any CPU
		{09A6B94B-E551-46CE-9D2A-E0F3C473DBBD}.Debug|x86.Build.0 = Debug|Any CPU
		{09A6B94B-E551-46CE-9D2A-E0F3C473DBBD}.Release|Any CPU.ActiveCfg = Release|Any CPU
		{09A6B94B-E551-46CE-9D2A-E0F3C473DBBD}.Release|Any CPU.Build.0 = Release|Any CPU
		{09A6B94B-E551-46CE-9D2A-E0F3C473DBBD}.Release|x64.ActiveCfg = Release|Any CPU
		{09A6B94B-E551-46CE-9D2A-E0F3C473DBBD}.Release|x64.Build.0 = Release|Any CPU
		{09A6B94B-E551-46CE-9D2A-E0F3C473DBBD}.Release|x86.ActiveCfg = Release|Any CPU
		{09A6B94B-E551-46CE-9D2A-E0F3C473DBBD}.Release|x86.Build.0 = Release|Any CPU
		{F020F46A-0540-4FC6-9582-B7CF9FBE61E4}.Debug|Any CPU.ActiveCfg = Debug|Any CPU
		{F020F46A-0540-4FC6-9582-B7CF9FBE61E4}.Debug|Any CPU.Build.0 = Debug|Any CPU
		{F020F46A-0540-4FC6-9582-B7CF9FBE61E4}.Debug|x64.ActiveCfg = Debug|Any CPU
		{F020F46A-0540-4FC6-9582-B7CF9FBE61E4}.Debug|x64.Build.0 = Debug|Any CPU
		{F020F46A-0540-4FC6-9582-B7CF9FBE61E4}.Debug|x86.ActiveCfg = Debug|Any CPU
		{F020F46A-0540-4FC6-9582-B7CF9FBE61E4}.Debug|x86.Build.0 = Debug|Any CPU
		{F020F46A-0540-4FC6-9582-B7CF9FBE61E4}.Release|Any CPU.ActiveCfg = Release|Any CPU
		{F020F46A-0540-4FC6-9582-B7CF9FBE61E4}.Release|Any CPU.Build.0 = Release|Any CPU
		{F020F46A-0540-4FC6-9582-B7CF9FBE61E4}.Release|x64.ActiveCfg = Release|Any CPU
		{F020F46A-0540-4FC6-9582-B7CF9FBE61E4}.Release|x64.Build.0 = Release|Any CPU
		{F020F46A-0540-4FC6-9582-B7CF9FBE61E4}.Release|x86.ActiveCfg = Release|Any CPU
		{F020F46A-0540-4FC6-9582-B7CF9FBE61E4}.Release|x86.Build.0 = Release|Any CPU
		{A49AF566-1DBA-47F1-90C9-69F92A0C5672}.Debug|Any CPU.ActiveCfg = Debug|Any CPU
		{A49AF566-1DBA-47F1-90C9-69F92A0C5672}.Debug|Any CPU.Build.0 = Debug|Any CPU
		{A49AF566-1DBA-47F1-90C9-69F92A0C5672}.Debug|x64.ActiveCfg = Debug|Any CPU
		{A49AF566-1DBA-47F1-90C9-69F92A0C5672}.Debug|x64.Build.0 = Debug|Any CPU
		{A49AF566-1DBA-47F1-90C9-69F92A0C5672}.Debug|x86.ActiveCfg = Debug|Any CPU
		{A49AF566-1DBA-47F1-90C9-69F92A0C5672}.Debug|x86.Build.0 = Debug|Any CPU
		{A49AF566-1DBA-47F1-90C9-69F92A0C5672}.Release|Any CPU.ActiveCfg = Release|Any CPU
		{A49AF566-1DBA-47F1-90C9-69F92A0C5672}.Release|Any CPU.Build.0 = Release|Any CPU
		{A49AF566-1DBA-47F1-90C9-69F92A0C5672}.Release|x64.ActiveCfg = Release|Any CPU
		{A49AF566-1DBA-47F1-90C9-69F92A0C5672}.Release|x64.Build.0 = Release|Any CPU
		{A49AF566-1DBA-47F1-90C9-69F92A0C5672}.Release|x86.ActiveCfg = Release|Any CPU
		{A49AF566-1DBA-47F1-90C9-69F92A0C5672}.Release|x86.Build.0 = Release|Any CPU
		{EED740F1-1A19-4546-B8FD-7ABB8D2D2D53}.Debug|Any CPU.ActiveCfg = Debug|Any CPU
		{EED740F1-1A19-4546-B8FD-7ABB8D2D2D53}.Debug|Any CPU.Build.0 = Debug|Any CPU
		{EED740F1-1A19-4546-B8FD-7ABB8D2D2D53}.Debug|x64.ActiveCfg = Debug|Any CPU
		{EED740F1-1A19-4546-B8FD-7ABB8D2D2D53}.Debug|x64.Build.0 = Debug|Any CPU
		{EED740F1-1A19-4546-B8FD-7ABB8D2D2D53}.Debug|x86.ActiveCfg = Debug|Any CPU
		{EED740F1-1A19-4546-B8FD-7ABB8D2D2D53}.Debug|x86.Build.0 = Debug|Any CPU
		{EED740F1-1A19-4546-B8FD-7ABB8D2D2D53}.Release|Any CPU.ActiveCfg = Release|Any CPU
		{EED740F1-1A19-4546-B8FD-7ABB8D2D2D53}.Release|Any CPU.Build.0 = Release|Any CPU
		{EED740F1-1A19-4546-B8FD-7ABB8D2D2D53}.Release|x64.ActiveCfg = Release|Any CPU
		{EED740F1-1A19-4546-B8FD-7ABB8D2D2D53}.Release|x64.Build.0 = Release|Any CPU
		{EED740F1-1A19-4546-B8FD-7ABB8D2D2D53}.Release|x86.ActiveCfg = Release|Any CPU
		{EED740F1-1A19-4546-B8FD-7ABB8D2D2D53}.Release|x86.Build.0 = Release|Any CPU
		{00EE8D09-4328-49C7-BE37-55B79FA3D35F}.Debug|Any CPU.ActiveCfg = Debug|Any CPU
		{00EE8D09-4328-49C7-BE37-55B79FA3D35F}.Debug|Any CPU.Build.0 = Debug|Any CPU
		{00EE8D09-4328-49C7-BE37-55B79FA3D35F}.Debug|x64.ActiveCfg = Debug|Any CPU
		{00EE8D09-4328-49C7-BE37-55B79FA3D35F}.Debug|x64.Build.0 = Debug|Any CPU
		{00EE8D09-4328-49C7-BE37-55B79FA3D35F}.Debug|x86.ActiveCfg = Debug|Any CPU
		{00EE8D09-4328-49C7-BE37-55B79FA3D35F}.Debug|x86.Build.0 = Debug|Any CPU
		{00EE8D09-4328-49C7-BE37-55B79FA3D35F}.Release|Any CPU.ActiveCfg = Release|Any CPU
		{00EE8D09-4328-49C7-BE37-55B79FA3D35F}.Release|Any CPU.Build.0 = Release|Any CPU
		{00EE8D09-4328-49C7-BE37-55B79FA3D35F}.Release|x64.ActiveCfg = Release|Any CPU
		{00EE8D09-4328-49C7-BE37-55B79FA3D35F}.Release|x64.Build.0 = Release|Any CPU
		{00EE8D09-4328-49C7-BE37-55B79FA3D35F}.Release|x86.ActiveCfg = Release|Any CPU
		{00EE8D09-4328-49C7-BE37-55B79FA3D35F}.Release|x86.Build.0 = Release|Any CPU
		{3DA422DA-6D4A-4801-9A79-2D190C8116B1}.Debug|Any CPU.ActiveCfg = Debug|Any CPU
		{3DA422DA-6D4A-4801-9A79-2D190C8116B1}.Debug|Any CPU.Build.0 = Debug|Any CPU
		{3DA422DA-6D4A-4801-9A79-2D190C8116B1}.Debug|x64.ActiveCfg = Debug|Any CPU
		{3DA422DA-6D4A-4801-9A79-2D190C8116B1}.Debug|x64.Build.0 = Debug|Any CPU
		{3DA422DA-6D4A-4801-9A79-2D190C8116B1}.Debug|x86.ActiveCfg = Debug|Any CPU
		{3DA422DA-6D4A-4801-9A79-2D190C8116B1}.Debug|x86.Build.0 = Debug|Any CPU
		{3DA422DA-6D4A-4801-9A79-2D190C8116B1}.Release|Any CPU.ActiveCfg = Release|Any CPU
		{3DA422DA-6D4A-4801-9A79-2D190C8116B1}.Release|Any CPU.Build.0 = Release|Any CPU
		{3DA422DA-6D4A-4801-9A79-2D190C8116B1}.Release|x64.ActiveCfg = Release|Any CPU
		{3DA422DA-6D4A-4801-9A79-2D190C8116B1}.Release|x64.Build.0 = Release|Any CPU
		{3DA422DA-6D4A-4801-9A79-2D190C8116B1}.Release|x86.ActiveCfg = Release|Any CPU
		{3DA422DA-6D4A-4801-9A79-2D190C8116B1}.Release|x86.Build.0 = Release|Any CPU
		{7B68486A-AEEE-4448-8FB3-C001AE58FC3C}.Debug|Any CPU.ActiveCfg = Debug|Any CPU
		{7B68486A-AEEE-4448-8FB3-C001AE58FC3C}.Debug|Any CPU.Build.0 = Debug|Any CPU
		{7B68486A-AEEE-4448-8FB3-C001AE58FC3C}.Debug|x64.ActiveCfg = Debug|Any CPU
		{7B68486A-AEEE-4448-8FB3-C001AE58FC3C}.Debug|x64.Build.0 = Debug|Any CPU
		{7B68486A-AEEE-4448-8FB3-C001AE58FC3C}.Debug|x86.ActiveCfg = Debug|Any CPU
		{7B68486A-AEEE-4448-8FB3-C001AE58FC3C}.Debug|x86.Build.0 = Debug|Any CPU
		{7B68486A-AEEE-4448-8FB3-C001AE58FC3C}.Release|Any CPU.ActiveCfg = Release|Any CPU
		{7B68486A-AEEE-4448-8FB3-C001AE58FC3C}.Release|Any CPU.Build.0 = Release|Any CPU
		{7B68486A-AEEE-4448-8FB3-C001AE58FC3C}.Release|x64.ActiveCfg = Release|Any CPU
		{7B68486A-AEEE-4448-8FB3-C001AE58FC3C}.Release|x64.Build.0 = Release|Any CPU
		{7B68486A-AEEE-4448-8FB3-C001AE58FC3C}.Release|x86.ActiveCfg = Release|Any CPU
		{7B68486A-AEEE-4448-8FB3-C001AE58FC3C}.Release|x86.Build.0 = Release|Any CPU
	EndGlobalSection
	GlobalSection(SolutionProperties) = preSolution
		HideSolutionNode = FALSE
	EndGlobalSection
	GlobalSection(NestedProjects) = preSolution
		{C1DD1228-602D-EDB8-34A7-988CF3C6ABE9} = {1AE8ACA6-933B-BF2A-3671-3E2EAC007D16}
		{4C261887-0045-4DBF-9D4A-31BDF8CF8EEC} = {C1DD1228-602D-EDB8-34A7-988CF3C6ABE9}
		{3C755975-A7BD-44BC-C8F9-5B13F14529BF} = {1AE8ACA6-933B-BF2A-3671-3E2EAC007D16}
		{6E1E6B93-9ABD-4B9A-BDB0-E74AA5D7EE5E} = {3C755975-A7BD-44BC-C8F9-5B13F14529BF}
		{09A6B94B-E551-46CE-9D2A-E0F3C473DBBD} = {3C755975-A7BD-44BC-C8F9-5B13F14529BF}
		{F020F46A-0540-4FC6-9582-B7CF9FBE61E4} = {3C755975-A7BD-44BC-C8F9-5B13F14529BF}
		{A49AF566-1DBA-47F1-90C9-69F92A0C5672} = {3C755975-A7BD-44BC-C8F9-5B13F14529BF}
		{EED740F1-1A19-4546-B8FD-7ABB8D2D2D53} = {3C755975-A7BD-44BC-C8F9-5B13F14529BF}
		{00EE8D09-4328-49C7-BE37-55B79FA3D35F} = {3C755975-A7BD-44BC-C8F9-5B13F14529BF}
		{3DA422DA-6D4A-4801-9A79-2D190C8116B1} = {3C755975-A7BD-44BC-C8F9-5B13F14529BF}
		{7B68486A-AEEE-4448-8FB3-C001AE58FC3C} = {3C755975-A7BD-44BC-C8F9-5B13F14529BF}
	EndGlobalSection
	GlobalSection(ExtensibilityGlobals) = postSolution
		SolutionGuid = {D5C69CD1-49A7-4B05-BF02-9C48661A51C8}
	EndGlobalSection
EndGlobal
